
Microsoft Visual Studio Solution File, Format Version 12.00
# Visual Studio Version 17
VisualStudioVersion = 17.14.36127.28
MinimumVisualStudioVersion = 10.0.40219.1
Project("{FAE04EC0-301F-11D3-BF4B-00C04F79EFBC}") = "StoreBlazor", "StoreBlazor.csproj", "{5DE6204E-6FAC-4282-B209-7DDD9E94FEA7}"
EndProject
Global
	GlobalSection(SolutionConfigurationPlatforms) = preSolution
		Debug|Any CPU = Debug|Any CPU
		Release|Any CPU = Release|Any CPU
	EndGlobalSection
	GlobalSection(ProjectConfigurationPlatforms) = postSolution
		{5DE6204E-6FAC-4282-B209-7DDD9E94FEA7}.Debug|Any CPU.ActiveCfg = Debug|Any CPU
		{5DE6204E-6FAC-4282-B209-7DDD9E94FEA7}.Debug|Any CPU.Build.0 = Debug|Any CPU
		{5DE6204E-6FAC-4282-B209-7DDD9E94FEA7}.Release|Any CPU.ActiveCfg = Release|Any CPU
		{5DE6204E-6FAC-4282-B209-7DDD9E94FEA7}.Release|Any CPU.Build.0 = Release|Any CPU
	EndGlobalSection
	GlobalSection(SolutionProperties) = preSolution
		HideSolutionNode = FALSE
	EndGlobalSection
	GlobalSection(ExtensibilityGlobals) = postSolution
		SolutionGuid = {167945C0-7D0E-4821-BBAE-04F13DE60E2F}
	EndGlobalSection
EndGlobal
